--- 
dependencies: 
  haml: 
    group: 
    - :default
    version: = 3.0.13
  sinatra: 
    group: 
    - :default
    version: = 1.0.0
specs: 
- haml: 
    version: 3.0.13
- rack: 
    version: 1.2.1
- sinatra: 
    version: "1.0"
hash: 6237dc68168ce9ff761ce1d58c05708badd2e9dd
sources: 
- Rubygems: 
    uri: http://gemcutter.org
